
Microsoft Visual Studio Solution File, Format Version 12.00
# Visual Studio Version 17
VisualStudioVersion = 17.11.35219.272
MinimumVisualStudioVersion = 10.0.40219.1
Project("{FAE04EC0-301F-11D3-BF4B-00C04F79EFBC}") = "ExampleBackgroundService", "ExampleBackgroundService\ExampleBackgroundService.csproj", "{060807D3-7961-460C-BF2B-80762C53CECB}"
EndProject
Global
	GlobalSection(SolutionConfigurationPlatforms) = preSolution
		Debug|Any CPU = Debug|Any CPU
		Release|Any CPU = Release|Any CPU
	EndGlobalSection
	GlobalSection(ProjectConfigurationPlatforms) = postSolution
		{060807D3-7961-460C-BF2B-80762C53CECB}.Debug|Any CPU.ActiveCfg = Debug|Any CPU
		{060807D3-7961-460C-BF2B-80762C53CECB}.Debug|Any CPU.Build.0 = Debug|Any CPU
		{060807D3-7961-460C-BF2B-80762C53CECB}.Release|Any CPU.ActiveCfg = Release|Any CPU
		{060807D3-7961-460C-BF2B-80762C53CECB}.Release|Any CPU.Build.0 = Release|Any CPU
	EndGlobalSection
	GlobalSection(SolutionProperties) = preSolution
		HideSolutionNode = FALSE
	EndGlobalSection
	GlobalSection(ExtensibilityGlobals) = postSolution
		SolutionGuid = {F3557178-2453-4FA6-A77B-A3AE4DF47483}
	EndGlobalSection
EndGlobal
